
Microsoft Visual Studio Solution File, Format Version 12.00
# Visual Studio 15
VisualStudioVersion = 15.0.26730.16
MinimumVisualStudioVersion = 10.0.40219.1
Project("{8BC9CEB8-8B4A-11D0-8D11-00A0C91BC942}") = "ICAwaker", "ICAwaker\ICAwaker.vcxproj", "{80E3C8E6-7383-4557-817B-EDEBEE834DB1}"
EndProject
Global
	GlobalSection(SolutionConfigurationPlatforms) = preSolution
		Debug|x64 = Debug|x64
		Debug|x86 = Debug|x86
		Release|x64 = Release|x64
		Release|x86 = Release|x86
	EndGlobalSection
	GlobalSection(ProjectConfigurationPlatforms) = postSolution
		{80E3C8E6-7383-4557-817B-EDEBEE834DB1}.Debug|x64.ActiveCfg = Debug|x64
		{80E3C8E6-7383-4557-817B-EDEBEE834DB1}.Debug|x64.Build.0 = Debug|x64
		{80E3C8E6-7383-4557-817B-EDEBEE834DB1}.Debug|x86.ActiveCfg = Debug|Win32
		{80E3C8E6-7383-4557-817B-EDEBEE834DB1}.Debug|x86.Build.0 = Debug|Win32
		{80E3C8E6-7383-4557-817B-EDEBEE834DB1}.Release|x64.ActiveCfg = Release|x64
		{80E3C8E6-7383-4557-817B-EDEBEE834DB1}.Release|x64.Build.0 = Release|x64
		{80E3C8E6-7383-4557-817B-EDEBEE834DB1}.Release|x86.ActiveCfg = Release|Win32
		{80E3C8E6-7383-4557-817B-EDEBEE834DB1}.Release|x86.Build.0 = Release|Win32
	EndGlobalSection
	GlobalSection(SolutionProperties) = preSolution
		HideSolutionNode = FALSE
	EndGlobalSection
	GlobalSection(ExtensibilityGlobals) = postSolution
		SolutionGuid = {69A8FBE2-5950-4D0E-8DEB-6A7B1070E382}
	EndGlobalSection
EndGlobal
